// !$*UTF8*$!
{
	archiveVersion = 1;
	classes = {
	};
	objectVersion = 55;
	objects = {

/* Begin PBXBuildFile section */
		2F0117DA28208DA300BED30A /* Cryptocoins.swift in Sources */ = {isa = PBXBuildFile; fileRef = 2F0117D928208DA300BED30A /* Cryptocoins.swift */; };
		2F39A08528248E0B00B4A5B3 /* View.swift in Sources */ = {isa = PBXBuildFile; fileRef = 2F39A08428248E0B00B4A5B3 /* View.swift */; };
		2F45DC2E282B0F6000D5586E /* Interactor.swift in Sources */ = {isa = PBXBuildFile; fileRef = 2F45DC2D282B0F6000D5586E /* Interactor.swift */; };
		2F45DC30282B0F6900D5586E /* Presenter.swift in Sources */ = {isa = PBXBuildFile; fileRef = 2F45DC2F282B0F6900D5586E /* Presenter.swift */; };
		2F45DC32282B0F7000D5586E /* Model.swift in Sources */ = {isa = PBXBuildFile; fileRef = 2F45DC31282B0F7000D5586E /* Model.swift */; };
		2F45DC34282B0F7A00D5586E /* Worker.swift in Sources */ = {isa = PBXBuildFile; fileRef = 2F45DC33282B0F7A00D5586E /* Worker.swift */; };
		2F45DC37282B0F9900D5586E /* Configurator.swift in Sources */ = {isa = PBXBuildFile; fileRef = 2F45DC36282B0F9900D5586E /* Configurator.swift */; };
		2F4FC08C282F03160090DA5B /* InformationBoughtCoin.swift in Sources */ = {isa = PBXBuildFile; fileRef = 2F4FC08B282F03160090DA5B /* InformationBoughtCoin.swift */; };
		2F66FD5E281ABB40005F3996 /* Coin.swift in Sources */ = {isa = PBXBuildFile; fileRef = 2F66FD5D281ABB40005F3996 /* Coin.swift */; };
		2F76F497282DBA74003D74C0 /* BoughtListCoin.swift in Sources */ = {isa = PBXBuildFile; fileRef = 2F76F496282DBA74003D74C0 /* BoughtListCoin.swift */; };
		2F7BBDAF29703F8A0040D8C0 /* CriptocurrentVIPAppTests.swift in Sources */ = {isa = PBXBuildFile; fileRef = 2F7BBDAE29703F8A0040D8C0 /* CriptocurrentVIPAppTests.swift */; };
		2FDDAB802818857D008E9220 /* CriptocurrentVIPAppApp.swift in Sources */ = {isa = PBXBuildFile; fileRef = 2FDDAB7F2818857D008E9220 /* CriptocurrentVIPAppApp.swift */; };
		2FDDAB822818857D008E9220 /* ContentView.swift in Sources */ = {isa = PBXBuildFile; fileRef = 2FDDAB812818857D008E9220 /* ContentView.swift */; };
		2FDDAB842818857E008E9220 /* Assets.xcassets in Resources */ = {isa = PBXBuildFile; fileRef = 2FDDAB832818857E008E9220 /* Assets.xcassets */; };
		2FDDAB872818857E008E9220 /* Preview Assets.xcassets in Resources */ = {isa = PBXBuildFile; fileRef = 2FDDAB862818857E008E9220 /* Preview Assets.xcassets */; };
		2FDDAB9B28188C89008E9220 /* ViewCoinInformation.swift in Sources */ = {isa = PBXBuildFile; fileRef = 2FDDAB9A28188C89008E9220 /* ViewCoinInformation.swift */; };
		2FDDAB9D28188CBD008E9220 /* ConfiguratorCoinInformation.swift in Sources */ = {isa = PBXBuildFile; fileRef = 2FDDAB9C28188CBD008E9220 /* ConfiguratorCoinInformation.swift */; };
		2FDDAB9F28188CC3008E9220 /* InteractorCoinInformation.swift in Sources */ = {isa = PBXBuildFile; fileRef = 2FDDAB9E28188CC3008E9220 /* InteractorCoinInformation.swift */; };
		2FDDABA128188CC7008E9220 /* PresenterCoinInformation.swift in Sources */ = {isa = PBXBuildFile; fileRef = 2FDDABA028188CC7008E9220 /* PresenterCoinInformation.swift */; };
		2FDDABA328188CCA008E9220 /* ModelCoinInformation.swift in Sources */ = {isa = PBXBuildFile; fileRef = 2FDDABA228188CCA008E9220 /* ModelCoinInformation.swift */; };
		2FDDABA528188CD2008E9220 /* WorkerCoinInformation.swift in Sources */ = {isa = PBXBuildFile; fileRef = 2FDDABA428188CD2008E9220 /* WorkerCoinInformation.swift */; };
		60EBF2D82992817700A60A86 /* CoinListConstants.swift in Sources */ = {isa = PBXBuildFile; fileRef = 60EBF2D72992817700A60A86 /* CoinListConstants.swift */; };
		60EBF2DA2992963000A60A86 /* CoinListError.swift in Sources */ = {isa = PBXBuildFile; fileRef = 60EBF2D92992962F00A60A86 /* CoinListError.swift */; };
		60EBF2DC2992F4E200A60A86 /* MockURLProtocol.swift in Sources */ = {isa = PBXBuildFile; fileRef = 60EBF2DB2992F4E200A60A86 /* MockURLProtocol.swift */; };
/* End PBXBuildFile section */

/* Begin PBXContainerItemProxy section */
		2F7BBDB029703F8A0040D8C0 /* PBXContainerItemProxy */ = {
			isa = PBXContainerItemProxy;
			containerPortal = 2FDDAB742818857D008E9220 /* Project object */;
			proxyType = 1;
			remoteGlobalIDString = 2FDDAB7B2818857D008E9220;
			remoteInfo = CriptocurrentVIPApp;
		};
/* End PBXContainerItemProxy section */

/* Begin PBXFileReference section */
		2F0117D928208DA300BED30A /* Cryptocoins.swift */ = {isa = PBXFileReference; lastKnownFileType = sourcecode.swift; path = Cryptocoins.swift; sourceTree = "<group>"; };
		2F39A08428248E0B00B4A5B3 /* View.swift */ = {isa = PBXFileReference; lastKnownFileType = sourcecode.swift; path = View.swift; sourceTree = "<group>"; };
		2F45DC2D282B0F6000D5586E /* Interactor.swift */ = {isa = PBXFileReference; lastKnownFileType = sourcecode.swift; path = Interactor.swift; sourceTree = "<group>"; };
		2F45DC2F282B0F6900D5586E /* Presenter.swift */ = {isa = PBXFileReference; lastKnownFileType = sourcecode.swift; path = Presenter.swift; sourceTree = "<group>"; };
		2F45DC31282B0F7000D5586E /* Model.swift */ = {isa = PBXFileReference; lastKnownFileType = sourcecode.swift; path = Model.swift; sourceTree = "<group>"; };
		2F45DC33282B0F7A00D5586E /* Worker.swift */ = {isa = PBXFileReference; lastKnownFileType = sourcecode.swift; path = Worker.swift; sourceTree = "<group>"; };
		2F45DC36282B0F9900D5586E /* Configurator.swift */ = {isa = PBXFileReference; lastKnownFileType = sourcecode.swift; path = Configurator.swift; sourceTree = "<group>"; };
		2F4FC08B282F03160090DA5B /* InformationBoughtCoin.swift */ = {isa = PBXFileReference; lastKnownFileType = sourcecode.swift; path = InformationBoughtCoin.swift; sourceTree = "<group>"; };
		2F66FD5D281ABB40005F3996 /* Coin.swift */ = {isa = PBXFileReference; lastKnownFileType = sourcecode.swift; path = Coin.swift; sourceTree = "<group>"; };
		2F76F496282DBA74003D74C0 /* BoughtListCoin.swift */ = {isa = PBXFileReference; lastKnownFileType = sourcecode.swift; path = BoughtListCoin.swift; sourceTree = "<group>"; };
		2F7BBDAC29703F8A0040D8C0 /* CriptocurrentVIPAppTests.xctest */ = {isa = PBXFileReference; explicitFileType = wrapper.cfbundle; includeInIndex = 0; path = CriptocurrentVIPAppTests.xctest; sourceTree = BUILT_PRODUCTS_DIR; };
		2F7BBDAE29703F8A0040D8C0 /* CriptocurrentVIPAppTests.swift */ = {isa = PBXFileReference; lastKnownFileType = sourcecode.swift; path = CriptocurrentVIPAppTests.swift; sourceTree = "<group>"; };
		2FDDAB7C2818857D008E9220 /* CriptocurrentVIPApp.app */ = {isa = PBXFileReference; explicitFileType = wrapper.application; includeInIndex = 0; path = CriptocurrentVIPApp.app; sourceTree = BUILT_PRODUCTS_DIR; };
		2FDDAB7F2818857D008E9220 /* CriptocurrentVIPAppApp.swift */ = {isa = PBXFileReference; lastKnownFileType = sourcecode.swift; path = CriptocurrentVIPAppApp.swift; sourceTree = "<group>"; };
		2FDDAB812818857D008E9220 /* ContentView.swift */ = {isa = PBXFileReference; lastKnownFileType = sourcecode.swift; path = ContentView.swift; sourceTree = "<group>"; };
		2FDDAB832818857E008E9220 /* Assets.xcassets */ = {isa = PBXFileReference; lastKnownFileType = folder.assetcatalog; path = Assets.xcassets; sourceTree = "<group>"; };
		2FDDAB862818857E008E9220 /* Preview Assets.xcassets */ = {isa = PBXFileReference; lastKnownFileType = folder.assetcatalog; path = "Preview Assets.xcassets"; sourceTree = "<group>"; };
		2FDDAB9A28188C89008E9220 /* ViewCoinInformation.swift */ = {isa = PBXFileReference; lastKnownFileType = sourcecode.swift; path = ViewCoinInformation.swift; sourceTree = "<group>"; };
		2FDDAB9C28188CBD008E9220 /* ConfiguratorCoinInformation.swift */ = {isa = PBXFileReference; lastKnownFileType = sourcecode.swift; path = ConfiguratorCoinInformation.swift; sourceTree = "<group>"; };
		2FDDAB9E28188CC3008E9220 /* InteractorCoinInformation.swift */ = {isa = PBXFileReference; lastKnownFileType = sourcecode.swift; path = InteractorCoinInformation.swift; sourceTree = "<group>"; };
		2FDDABA028188CC7008E9220 /* PresenterCoinInformation.swift */ = {isa = PBXFileReference; lastKnownFileType = sourcecode.swift; path = PresenterCoinInformation.swift; sourceTree = "<group>"; };
		2FDDABA228188CCA008E9220 /* ModelCoinInformation.swift */ = {isa = PBXFileReference; lastKnownFileType = sourcecode.swift; path = ModelCoinInformation.swift; sourceTree = "<group>"; };
		2FDDABA428188CD2008E9220 /* WorkerCoinInformation.swift */ = {isa = PBXFileReference; lastKnownFileType = sourcecode.swift; path = WorkerCoinInformation.swift; sourceTree = "<group>"; };
		60EBF2D72992817700A60A86 /* CoinListConstants.swift */ = {isa = PBXFileReference; lastKnownFileType = sourcecode.swift; path = CoinListConstants.swift; sourceTree = "<group>"; };
		60EBF2D92992962F00A60A86 /* CoinListError.swift */ = {isa = PBXFileReference; lastKnownFileType = sourcecode.swift; path = CoinListError.swift; sourceTree = "<group>"; };
		60EBF2DB2992F4E200A60A86 /* MockURLProtocol.swift */ = {isa = PBXFileReference; lastKnownFileType = sourcecode.swift; path = MockURLProtocol.swift; sourceTree = "<group>"; };
		60EBF2DD2992FC5700A60A86 /* Info.plist */ = {isa = PBXFileReference; lastKnownFileType = text.plist; path = Info.plist; sourceTree = "<group>"; };
/* End PBXFileReference section */

/* Begin PBXFrameworksBuildPhase section */
		2F7BBDA929703F8A0040D8C0 /* Frameworks */ = {
			isa = PBXFrameworksBuildPhase;
			buildActionMask = 2147483647;
			files = (
			);
			runOnlyForDeploymentPostprocessing = 0;
		};
		2FDDAB792818857D008E9220 /* Frameworks */ = {
			isa = PBXFrameworksBuildPhase;
			buildActionMask = 2147483647;
			files = (
			);
			runOnlyForDeploymentPostprocessing = 0;
		};
/* End PBXFrameworksBuildPhase section */

/* Begin PBXGroup section */
		2F0117DB28208DAA00BED30A /* Models */ = {
			isa = PBXGroup;
			children = (
				2F0117D928208DA300BED30A /* Cryptocoins.swift */,
			);
			path = Models;
			sourceTree = "<group>";
		};
		2F0A9F27297C4F4F00044739 /* CoinList */ = {
			isa = PBXGroup;
			children = (
				2F7BBDAE29703F8A0040D8C0 /* CriptocurrentVIPAppTests.swift */,
				60EBF2DB2992F4E200A60A86 /* MockURLProtocol.swift */,
			);
			path = CoinList;
			sourceTree = "<group>";
		};
		2F45DC2B282B0E0B00D5586E /* CoinSelected */ = {
			isa = PBXGroup;
			children = (
				2F76F495282DBA50003D74C0 /* Model */,
				2F39A08428248E0B00B4A5B3 /* View.swift */,
				2F45DC2D282B0F6000D5586E /* Interactor.swift */,
				2F45DC2F282B0F6900D5586E /* Presenter.swift */,
				2F45DC31282B0F7000D5586E /* Model.swift */,
				2F45DC36282B0F9900D5586E /* Configurator.swift */,
				2F45DC33282B0F7A00D5586E /* Worker.swift */,
			);
			name = CoinSelected;
			sourceTree = "<group>";
		};
		2F45DC2C282B0EDC00D5586E /* Model */ = {
			isa = PBXGroup;
			children = (
				2F66FD5D281ABB40005F3996 /* Coin.swift */,
			);
			name = Model;
			sourceTree = "<group>";
		};
		2F76F495282DBA50003D74C0 /* Model */ = {
			isa = PBXGroup;
			children = (
				2F76F496282DBA74003D74C0 /* BoughtListCoin.swift */,
				2F4FC08B282F03160090DA5B /* InformationBoughtCoin.swift */,
			);
			name = Model;
			sourceTree = "<group>";
		};
		2F7BBDAD29703F8A0040D8C0 /* CriptocurrentVIPAppTests */ = {
			isa = PBXGroup;
			children = (
				2F0A9F27297C4F4F00044739 /* CoinList */,
			);
			path = CriptocurrentVIPAppTests;
			sourceTree = "<group>";
		};
		2FDDAB732818857D008E9220 = {
			isa = PBXGroup;
			children = (
				2FDDAB7E2818857D008E9220 /* CriptocurrentVIPApp */,
				2F7BBDAD29703F8A0040D8C0 /* CriptocurrentVIPAppTests */,
				2FDDAB7D2818857D008E9220 /* Products */,
			);
			sourceTree = "<group>";
		};
		2FDDAB7D2818857D008E9220 /* Products */ = {
			isa = PBXGroup;
			children = (
				2FDDAB7C2818857D008E9220 /* CriptocurrentVIPApp.app */,
				2F7BBDAC29703F8A0040D8C0 /* CriptocurrentVIPAppTests.xctest */,
			);
			name = Products;
			sourceTree = "<group>";
		};
		2FDDAB7E2818857D008E9220 /* CriptocurrentVIPApp */ = {
			isa = PBXGroup;
			children = (
				60EBF2DD2992FC5700A60A86 /* Info.plist */,
				2FDDAB7F2818857D008E9220 /* CriptocurrentVIPAppApp.swift */,
				2FDDAB812818857D008E9220 /* ContentView.swift */,
				2FDDAB8F28188B71008E9220 /* Domain */,
				2FDDAB832818857E008E9220 /* Assets.xcassets */,
				2FDDAB852818857E008E9220 /* Preview Content */,
			);
			path = CriptocurrentVIPApp;
			sourceTree = "<group>";
		};
		2FDDAB852818857E008E9220 /* Preview Content */ = {
			isa = PBXGroup;
			children = (
				2FDDAB862818857E008E9220 /* Preview Assets.xcassets */,
			);
			path = "Preview Content";
			sourceTree = "<group>";
		};
		2FDDAB8F28188B71008E9220 /* Domain */ = {
			isa = PBXGroup;
			children = (
				2F0117DB28208DAA00BED30A /* Models */,
				2FDDAB9028188B7C008E9220 /* Scenes */,
			);
			path = Domain;
			sourceTree = "<group>";
		};
		2FDDAB9028188B7C008E9220 /* Scenes */ = {
			isa = PBXGroup;
			children = (
				2F45DC2B282B0E0B00D5586E /* CoinSelected */,
				2FDDAB9828188C29008E9220 /* CoinList */,
			);
			path = Scenes;
			sourceTree = "<group>";
		};
		2FDDAB9828188C29008E9220 /* CoinList */ = {
			isa = PBXGroup;
			children = (
				2F45DC2C282B0EDC00D5586E /* Model */,
				2FDDAB9A28188C89008E9220 /* ViewCoinInformation.swift */,
				2FDDAB9E28188CC3008E9220 /* InteractorCoinInformation.swift */,
				2FDDABA028188CC7008E9220 /* PresenterCoinInformation.swift */,
				2FDDABA228188CCA008E9220 /* ModelCoinInformation.swift */,
				60EBF2D92992962F00A60A86 /* CoinListError.swift */,
				2FDDABA428188CD2008E9220 /* WorkerCoinInformation.swift */,
				60EBF2D72992817700A60A86 /* CoinListConstants.swift */,
				2FDDAB9C28188CBD008E9220 /* ConfiguratorCoinInformation.swift */,
			);
			name = CoinList;
			sourceTree = "<group>";
		};
/* End PBXGroup section */

/* Begin PBXNativeTarget section */
		2F7BBDAB29703F8A0040D8C0 /* CriptocurrentVIPAppTests */ = {
			isa = PBXNativeTarget;
			buildConfigurationList = 2F7BBDB429703F8A0040D8C0 /* Build configuration list for PBXNativeTarget "CriptocurrentVIPAppTests" */;
			buildPhases = (
				2F7BBDA829703F8A0040D8C0 /* Sources */,
				2F7BBDA929703F8A0040D8C0 /* Frameworks */,
				2F7BBDAA29703F8A0040D8C0 /* Resources */,
			);
			buildRules = (
			);
			dependencies = (
				2F7BBDB129703F8A0040D8C0 /* PBXTargetDependency */,
			);
			name = CriptocurrentVIPAppTests;
			productName = CriptocurrentVIPAppTests;
			productReference = 2F7BBDAC29703F8A0040D8C0 /* CriptocurrentVIPAppTests.xctest */;
			productType = "com.apple.product-type.bundle.unit-test";
		};
		2FDDAB7B2818857D008E9220 /* CriptocurrentVIPApp */ = {
			isa = PBXNativeTarget;
			buildConfigurationList = 2FDDAB8A2818857E008E9220 /* Build configuration list for PBXNativeTarget "CriptocurrentVIPApp" */;
			buildPhases = (
				2FDDAB782818857D008E9220 /* Sources */,
				2FDDAB792818857D008E9220 /* Frameworks */,
				2FDDAB7A2818857D008E9220 /* Resources */,
			);
			buildRules = (
			);
			dependencies = (
			);
			name = CriptocurrentVIPApp;
			productName = CriptocurrentVIPApp;
			productReference = 2FDDAB7C2818857D008E9220 /* CriptocurrentVIPApp.app */;
			productType = "com.apple.product-type.application";
		};
/* End PBXNativeTarget section */

/* Begin PBXProject section */
		2FDDAB742818857D008E9220 /* Project object */ = {
			isa = PBXProject;
			attributes = {
				BuildIndependentTargetsInParallel = 1;
				LastSwiftUpdateCheck = 1420;
				LastUpgradeCheck = 1330;
				TargetAttributes = {
					2F7BBDAB29703F8A0040D8C0 = {
						CreatedOnToolsVersion = 14.2;
						TestTargetID = 2FDDAB7B2818857D008E9220;
					};
					2FDDAB7B2818857D008E9220 = {
						CreatedOnToolsVersion = 13.3.1;
					};
				};
			};
			buildConfigurationList = 2FDDAB772818857D008E9220 /* Build configuration list for PBXProject "CriptocurrentVIPApp" */;
			compatibilityVersion = "Xcode 13.0";
			developmentRegion = en;
			hasScannedForEncodings = 0;
			knownRegions = (
				en,
				Base,
			);
			mainGroup = 2FDDAB732818857D008E9220;
			productRefGroup = 2FDDAB7D2818857D008E9220 /* Products */;
			projectDirPath = "";
			projectRoot = "";
			targets = (
				2FDDAB7B2818857D008E9220 /* CriptocurrentVIPApp */,
				2F7BBDAB29703F8A0040D8C0 /* CriptocurrentVIPAppTests */,
			);
		};
/* End PBXProject section */

/* Begin PBXResourcesBuildPhase section */
		2F7BBDAA29703F8A0040D8C0 /* Resources */ = {
			isa = PBXResourcesBuildPhase;
			buildActionMask = 2147483647;
			files = (
			);
			runOnlyForDeploymentPostprocessing = 0;
		};
		2FDDAB7A2818857D008E9220 /* Resources */ = {
			isa = PBXResourcesBuildPhase;
			buildActionMask = 2147483647;
			files = (
				2FDDAB872818857E008E9220 /* Preview Assets.xcassets in Resources */,
				2FDDAB842818857E008E9220 /* Assets.xcassets in Resources */,
			);
			runOnlyForDeploymentPostprocessing = 0;
		};
/* End PBXResourcesBuildPhase section */

/* Begin PBXSourcesBuildPhase section */
		2F7BBDA829703F8A0040D8C0 /* Sources */ = {
			isa = PBXSourcesBuildPhase;
			buildActionMask = 2147483647;
			files = (
				2F7BBDAF29703F8A0040D8C0 /* CriptocurrentVIPAppTests.swift in Sources */,
				60EBF2DC2992F4E200A60A86 /* MockURLProtocol.swift in Sources */,
			);
			runOnlyForDeploymentPostprocessing = 0;
		};
		2FDDAB782818857D008E9220 /* Sources */ = {
			isa = PBXSourcesBuildPhase;
			buildActionMask = 2147483647;
			files = (
				2F45DC37282B0F9900D5586E /* Configurator.swift in Sources */,
				2FDDABA128188CC7008E9220 /* PresenterCoinInformation.swift in Sources */,
				2F39A08528248E0B00B4A5B3 /* View.swift in Sources */,
				2FDDAB9F28188CC3008E9220 /* InteractorCoinInformation.swift in Sources */,
				2FDDABA528188CD2008E9220 /* WorkerCoinInformation.swift in Sources */,
				2FDDAB9B28188C89008E9220 /* ViewCoinInformation.swift in Sources */,
				2FDDAB822818857D008E9220 /* ContentView.swift in Sources */,
				2F45DC2E282B0F6000D5586E /* Interactor.swift in Sources */,
				2F45DC32282B0F7000D5586E /* Model.swift in Sources */,
				2FDDAB9D28188CBD008E9220 /* ConfiguratorCoinInformation.swift in Sources */,
				2FDDABA328188CCA008E9220 /* ModelCoinInformation.swift in Sources */,
				2F45DC34282B0F7A00D5586E /* Worker.swift in Sources */,
				60EBF2D82992817700A60A86 /* CoinListConstants.swift in Sources */,
				2F0117DA28208DA300BED30A /* Cryptocoins.swift in Sources */,
				2F76F497282DBA74003D74C0 /* BoughtListCoin.swift in Sources */,
				2F45DC30282B0F6900D5586E /* Presenter.swift in Sources */,
				2F66FD5E281ABB40005F3996 /* Coin.swift in Sources */,
				60EBF2DA2992963000A60A86 /* CoinListError.swift in Sources */,
				2F4FC08C282F03160090DA5B /* InformationBoughtCoin.swift in Sources */,
				2FDDAB802818857D008E9220 /* CriptocurrentVIPAppApp.swift in Sources */,
			);
			runOnlyForDeploymentPostprocessing = 0;
		};
/* End PBXSourcesBuildPhase section */

/* Begin PBXTargetDependency section */
		2F7BBDB129703F8A0040D8C0 /* PBXTargetDependency */ = {
			isa = PBXTargetDependency;
			target = 2FDDAB7B2818857D008E9220 /* CriptocurrentVIPApp */;
			targetProxy = 2F7BBDB029703F8A0040D8C0 /* PBXContainerItemProxy */;
		};
/* End PBXTargetDependency section */

/* Begin XCBuildConfiguration section */
		2F7BBDB229703F8A0040D8C0 /* Debug */ = {
			isa = XCBuildConfiguration;
			buildSettings = {
				BUNDLE_LOADER = "$(TEST_HOST)";
				CLANG_CXX_LANGUAGE_STANDARD = "gnu++20";
				CODE_SIGN_STYLE = Automatic;
				CURRENT_PROJECT_VERSION = 1;
				DEVELOPMENT_TEAM = FHMJUU9NHT;
				GENERATE_INFOPLIST_FILE = YES;
				IPHONEOS_DEPLOYMENT_TARGET = 16.2;
				MARKETING_VERSION = 1.0;
				PRODUCT_BUNDLE_IDENTIFIER = matheus.testandoCoisas.CriptocurrentVIPAppTests;
				PRODUCT_NAME = "$(TARGET_NAME)";
				SWIFT_EMIT_LOC_STRINGS = NO;
				SWIFT_VERSION = 5.0;
				TARGETED_DEVICE_FAMILY = "1,2";
				TEST_HOST = "$(BUILT_PRODUCTS_DIR)/CriptocurrentVIPApp.app/$(BUNDLE_EXECUTABLE_FOLDER_PATH)/CriptocurrentVIPApp";
			};
			name = Debug;
		};
		2F7BBDB329703F8A0040D8C0 /* Release */ = {
			isa = XCBuildConfiguration;
			buildSettings = {
				BUNDLE_LOADER = "$(TEST_HOST)";
				CLANG_CXX_LANGUAGE_STANDARD = "gnu++20";
				CODE_SIGN_STYLE = Automatic;
				CURRENT_PROJECT_VERSION = 1;
				DEVELOPMENT_TEAM = FHMJUU9NHT;
				GENERATE_INFOPLIST_FILE = YES;
				IPHONEOS_DEPLOYMENT_TARGET = 16.2;
				MARKETING_VERSION = 1.0;
				PRODUCT_BUNDLE_IDENTIFIER = matheus.testandoCoisas.CriptocurrentVIPAppTests;
				PRODUCT_NAME = "$(TARGET_NAME)";
				SWIFT_EMIT_LOC_STRINGS = NO;
				SWIFT_VERSION = 5.0;
				TARGETED_DEVICE_FAMILY = "1,2";
				TEST_HOST = "$(BUILT_PRODUCTS_DIR)/CriptocurrentVIPApp.app/$(BUNDLE_EXECUTABLE_FOLDER_PATH)/CriptocurrentVIPApp";
			};
			name = Release;
		};
		2FDDAB882818857E008E9220 /* Debug */ = {
			isa = XCBuildConfiguration;
			buildSettings = {
				ALWAYS_SEARCH_USER_PATHS = NO;
				CLANG_ANALYZER_NONNULL = YES;
				CLANG_ANALYZER_NUMBER_OBJECT_CONVERSION = YES_AGGRESSIVE;
				CLANG_CXX_LANGUAGE_STANDARD = "gnu++17";
				CLANG_ENABLE_MODULES = YES;
				CLANG_ENABLE_OBJC_ARC = YES;
				CLANG_ENABLE_OBJC_WEAK = YES;
				CLANG_WARN_BLOCK_CAPTURE_AUTORELEASING = YES;
				CLANG_WARN_BOOL_CONVERSION = YES;
				CLANG_WARN_COMMA = YES;
				CLANG_WARN_CONSTANT_CONVERSION = YES;
				CLANG_WARN_DEPRECATED_OBJC_IMPLEMENTATIONS = YES;
				CLANG_WARN_DIRECT_OBJC_ISA_USAGE = YES_ERROR;
				CLANG_WARN_DOCUMENTATION_COMMENTS = YES;
				CLANG_WARN_EMPTY_BODY = YES;
				CLANG_WARN_ENUM_CONVERSION = YES;
				CLANG_WARN_INFINITE_RECURSION = YES;
				CLANG_WARN_INT_CONVERSION = YES;
				CLANG_WARN_NON_LITERAL_NULL_CONVERSION = YES;
				CLANG_WARN_OBJC_IMPLICIT_RETAIN_SELF = YES;
				CLANG_WARN_OBJC_LITERAL_CONVERSION = YES;
				CLANG_WARN_OBJC_ROOT_CLASS = YES_ERROR;
				CLANG_WARN_QUOTED_INCLUDE_IN_FRAMEWORK_HEADER = YES;
				CLANG_WARN_RANGE_LOOP_ANALYSIS = YES;
				CLANG_WARN_STRICT_PROTOTYPES = YES;
				CLANG_WARN_SUSPICIOUS_MOVE = YES;
				CLANG_WARN_UNGUARDED_AVAILABILITY = YES_AGGRESSIVE;
				CLANG_WARN_UNREACHABLE_CODE = YES;
				CLANG_WARN__DUPLICATE_METHOD_MATCH = YES;
				COPY_PHASE_STRIP = NO;
				DEBUG_INFORMATION_FORMAT = dwarf;
				ENABLE_STRICT_OBJC_MSGSEND = YES;
				ENABLE_TESTABILITY = YES;
				GCC_C_LANGUAGE_STANDARD = gnu11;
				GCC_DYNAMIC_NO_PIC = NO;
				GCC_NO_COMMON_BLOCKS = YES;
				GCC_OPTIMIZATION_LEVEL = 0;
				GCC_PREPROCESSOR_DEFINITIONS = (
					"DEBUG=1",
					"$(inherited)",
				);
				GCC_WARN_64_TO_32_BIT_CONVERSION = YES;
				GCC_WARN_ABOUT_RETURN_TYPE = YES_ERROR;
				GCC_WARN_UNDECLARED_SELECTOR = YES;
				GCC_WARN_UNINITIALIZED_AUTOS = YES_AGGRESSIVE;
				GCC_WARN_UNUSED_FUNCTION = YES;
				GCC_WARN_UNUSED_VARIABLE = YES;
				IPHONEOS_DEPLOYMENT_TARGET = 15.4;
				MTL_ENABLE_DEBUG_INFO = INCLUDE_SOURCE;
				MTL_FAST_MATH = YES;
				ONLY_ACTIVE_ARCH = YES;
				SDKROOT = iphoneos;
				SWIFT_ACTIVE_COMPILATION_CONDITIONS = DEBUG;
				SWIFT_OPTIMIZATION_LEVEL = "-Onone";
			};
			name = Debug;
		};
		2FDDAB892818857E008E9220 /* Release */ = {
			isa = XCBuildConfiguration;
			buildSettings = {
				ALWAYS_SEARCH_USER_PATHS = NO;
				CLANG_ANALYZER_NONNULL = YES;
				CLANG_ANALYZER_NUMBER_OBJECT_CONVERSION = YES_AGGRESSIVE;
				CLANG_CXX_LANGUAGE_STANDARD = "gnu++17";
				CLANG_ENABLE_MODULES = YES;
				CLANG_ENABLE_OBJC_ARC = YES;
				CLANG_ENABLE_OBJC_WEAK = YES;
				CLANG_WARN_BLOCK_CAPTURE_AUTORELEASING = YES;
				CLANG_WARN_BOOL_CONVERSION = YES;
				CLANG_WARN_COMMA = YES;
				CLANG_WARN_CONSTANT_CONVERSION = YES;
				CLANG_WARN_DEPRECATED_OBJC_IMPLEMENTATIONS = YES;
				CLANG_WARN_DIRECT_OBJC_ISA_USAGE = YES_ERROR;
				CLANG_WARN_DOCUMENTATION_COMMENTS = YES;
				CLANG_WARN_EMPTY_BODY = YES;
				CLANG_WARN_ENUM_CONVERSION = YES;
				CLANG_WARN_INFINITE_RECURSION = YES;
				CLANG_WARN_INT_CONVERSION = YES;
				CLANG_WARN_NON_LITERAL_NULL_CONVERSION = YES;
				CLANG_WARN_OBJC_IMPLICIT_RETAIN_SELF = YES;
				CLANG_WARN_OBJC_LITERAL_CONVERSION = YES;
				CLANG_WARN_OBJC_ROOT_CLASS = YES_ERROR;
				CLANG_WARN_QUOTED_INCLUDE_IN_FRAMEWORK_HEADER = YES;
				CLANG_WARN_RANGE_LOOP_ANALYSIS = YES;
				CLANG_WARN_STRICT_PROTOTYPES = YES;
				CLANG_WARN_SUSPICIOUS_MOVE = YES;
				CLANG_WARN_UNGUARDED_AVAILABILITY = YES_AGGRESSIVE;
				CLANG_WARN_UNREACHABLE_CODE = YES;
				CLANG_WARN__DUPLICATE_METHOD_MATCH = YES;
				COPY_PHASE_STRIP = NO;
				DEBUG_INFORMATION_FORMAT = "dwarf-with-dsym";
				ENABLE_NS_ASSERTIONS = NO;
				ENABLE_STRICT_OBJC_MSGSEND = YES;
				GCC_C_LANGUAGE_STANDARD = gnu11;
				GCC_NO_COMMON_BLOCKS = YES;
				GCC_WARN_64_TO_32_BIT_CONVERSION = YES;
				GCC_WARN_ABOUT_RETURN_TYPE = YES_ERROR;
				GCC_WARN_UNDECLARED_SELECTOR = YES;
				GCC_WARN_UNINITIALIZED_AUTOS = YES_AGGRESSIVE;
				GCC_WARN_UNUSED_FUNCTION = YES;
				GCC_WARN_UNUSED_VARIABLE = YES;
				IPHONEOS_DEPLOYMENT_TARGET = 15.4;
				MTL_ENABLE_DEBUG_INFO = NO;
				MTL_FAST_MATH = YES;
				SDKROOT = iphoneos;
				SWIFT_COMPILATION_MODE = wholemodule;
				SWIFT_OPTIMIZATION_LEVEL = "-O";
				VALIDATE_PRODUCT = YES;
			};
			name = Release;
		};
		2FDDAB8B2818857E008E9220 /* Debug */ = {
			isa = XCBuildConfiguration;
			buildSettings = {
				ASSETCATALOG_COMPILER_APPICON_NAME = AppIcon;
				ASSETCATALOG_COMPILER_GLOBAL_ACCENT_COLOR_NAME = AccentColor;
				CODE_SIGN_STYLE = Automatic;
				CURRENT_PROJECT_VERSION = 1;
				DEVELOPMENT_ASSET_PATHS = "\"CriptocurrentVIPApp/Preview Content\"";
				DEVELOPMENT_TEAM = FHMJUU9NHT;
				ENABLE_PREVIEWS = YES;
				GENERATE_INFOPLIST_FILE = YES;
				INFOPLIST_FILE = CriptocurrentVIPApp/Info.plist;
				INFOPLIST_KEY_UIApplicationSceneManifest_Generation = YES;
				INFOPLIST_KEY_UIApplicationSupportsIndirectInputEvents = YES;
				INFOPLIST_KEY_UILaunchScreen_Generation = YES;
				INFOPLIST_KEY_UISupportedInterfaceOrientations_iPad = "UIInterfaceOrientationPortrait UIInterfaceOrientationPortraitUpsideDown UIInterfaceOrientationLandscapeLeft UIInterfaceOrientationLandscapeRight";
				INFOPLIST_KEY_UISupportedInterfaceOrientations_iPhone = "UIInterfaceOrientationPortrait UIInterfaceOrientationLandscapeLeft UIInterfaceOrientationLandscapeRight";
				LD_RUNPATH_SEARCH_PATHS = (
					"$(inherited)",
					"@executable_path/Frameworks",
				);
				MARKETING_VERSION = 1.0;
				PRODUCT_BUNDLE_IDENTIFIER = matheus.testandoCoisas.CriptocurrentVIPApp;
				PRODUCT_NAME = "$(TARGET_NAME)";
				SWIFT_EMIT_LOC_STRINGS = YES;
				SWIFT_VERSION = 5.0;
				TARGETED_DEVICE_FAMILY = "1,2";
			};
			name = Debug;
		};
		2FDDAB8C2818857E008E9220 /* Release */ = {
			isa = XCBuildConfiguration;
			buildSettings = {
				ASSETCATALOG_COMPILER_APPICON_NAME = AppIcon;
				ASSETCATALOG_COMPILER_GLOBAL_ACCENT_COLOR_NAME = AccentColor;
				CODE_SIGN_STYLE = Automatic;
				CURRENT_PROJECT_VERSION = 1;
				DEVELOPMENT_ASSET_PATHS = "\"CriptocurrentVIPApp/Preview Content\"";
				DEVELOPMENT_TEAM = FHMJUU9NHT;
				ENABLE_PREVIEWS = YES;
				GENERATE_INFOPLIST_FILE = YES;
				INFOPLIST_FILE = CriptocurrentVIPApp/Info.plist;
				INFOPLIST_KEY_UIApplicationSceneManifest_Generation = YES;
				INFOPLIST_KEY_UIApplicationSupportsIndirectInputEvents = YES;
				INFOPLIST_KEY_UILaunchScreen_Generation = YES;
				INFOPLIST_KEY_UISupportedInterfaceOrientations_iPad = "UIInterfaceOrientationPortrait UIInterfaceOrientationPortraitUpsideDown UIInterfaceOrientationLandscapeLeft UIInterfaceOrientationLandscapeRight";
				INFOPLIST_KEY_UISupportedInterfaceOrientations_iPhone = "UIInterfaceOrientationPortrait UIInterfaceOrientationLandscapeLeft UIInterfaceOrientationLandscapeRight";
				LD_RUNPATH_SEARCH_PATHS = (
					"$(inherited)",
					"@executable_path/Frameworks",
				);
				MARKETING_VERSION = 1.0;
				PRODUCT_BUNDLE_IDENTIFIER = matheus.testandoCoisas.CriptocurrentVIPApp;
				PRODUCT_NAME = "$(TARGET_NAME)";
				SWIFT_EMIT_LOC_STRINGS = YES;
				SWIFT_VERSION = 5.0;
				TARGETED_DEVICE_FAMILY = "1,2";
			};
			name = Release;
		};
/* End XCBuildConfiguration section */

/* Begin XCConfigurationList section */
		2F7BBDB429703F8A0040D8C0 /* Build configuration list for PBXNativeTarget "CriptocurrentVIPAppTests" */ = {
			isa = XCConfigurationList;
			buildConfigurations = (
				2F7BBDB229703F8A0040D8C0 /* Debug */,
				2F7BBDB329703F8A0040D8C0 /* Release */,
			);
			defaultConfigurationIsVisible = 0;
			defaultConfigurationName = Release;
		};
		2FDDAB772818857D008E9220 /* Build configuration list for PBXProject "CriptocurrentVIPApp" */ = {
			isa = XCConfigurationList;
			buildConfigurations = (
				2FDDAB882818857E008E9220 /* Debug */,
				2FDDAB892818857E008E9220 /* Release */,
			);
			defaultConfigurationIsVisible = 0;
			defaultConfigurationName = Release;
		};
		2FDDAB8A2818857E008E9220 /* Build configuration list for PBXNativeTarget "CriptocurrentVIPApp" */ = {
			isa = XCConfigurationList;
			buildConfigurations = (
				2FDDAB8B2818857E008E9220 /* Debug */,
				2FDDAB8C2818857E008E9220 /* Release */,
			);
			defaultConfigurationIsVisible = 0;
			defaultConfigurationName = Release;
		};
/* End XCConfigurationList section */
	};
	rootObject = 2FDDAB742818857D008E9220 /* Project object */;
}
